
Microsoft Visual Studio Solution File, Format Version 12.00
# Visual Studio 15
VisualStudioVersion = 15.0.28307.271
MinimumVisualStudioVersion = 10.0.40219.1
Project("{FAE04EC0-301F-11D3-BF4B-00C04F79EFBC}") = "ModelConverter", "ModelConverter\ModelConverter.csproj", "{CAEC53FB-6252-4A66-87D4-A38B5306C619}"
EndProject
Project("{FAE04EC0-301F-11D3-BF4B-00C04F79EFBC}") = "ModelConverter.ConsoleApp", "ModelConverter.ConsoleApp\ModelConverter.ConsoleApp.csproj", "{15DD3C13-A4EF-456A-94AE-179BDDB6F7A3}"
EndProject
Project("{FAE04EC0-301F-11D3-BF4B-00C04F79EFBC}") = "ModelConverter.WPFApp", "ModelConverter.WPFApp\ModelConverter.WPFApp.csproj", "{514D37FA-EA7E-4010-A5F1-1403C4BB0E51}"
EndProject
Global
	GlobalSection(SolutionConfigurationPlatforms) = preSolution
		Debug|Any CPU = Debug|Any CPU
		Release|Any CPU = Release|Any CPU
	EndGlobalSection
	GlobalSection(ProjectConfigurationPlatforms) = postSolution
		{CAEC53FB-6252-4A66-87D4-A38B5306C619}.Debug|Any CPU.ActiveCfg = Debug|Any CPU
		{CAEC53FB-6252-4A66-87D4-A38B5306C619}.Debug|Any CPU.Build.0 = Debug|Any CPU
		{CAEC53FB-6252-4A66-87D4-A38B5306C619}.Release|Any CPU.ActiveCfg = Release|Any CPU
		{CAEC53FB-6252-4A66-87D4-A38B5306C619}.Release|Any CPU.Build.0 = Release|Any CPU
		{15DD3C13-A4EF-456A-94AE-179BDDB6F7A3}.Debug|Any CPU.ActiveCfg = Debug|Any CPU
		{15DD3C13-A4EF-456A-94AE-179BDDB6F7A3}.Debug|Any CPU.Build.0 = Debug|Any CPU
		{15DD3C13-A4EF-456A-94AE-179BDDB6F7A3}.Release|Any CPU.ActiveCfg = Release|Any CPU
		{15DD3C13-A4EF-456A-94AE-179BDDB6F7A3}.Release|Any CPU.Build.0 = Release|Any CPU
		{514D37FA-EA7E-4010-A5F1-1403C4BB0E51}.Debug|Any CPU.ActiveCfg = Debug|Any CPU
		{514D37FA-EA7E-4010-A5F1-1403C4BB0E51}.Debug|Any CPU.Build.0 = Debug|Any CPU
		{514D37FA-EA7E-4010-A5F1-1403C4BB0E51}.Release|Any CPU.ActiveCfg = Release|Any CPU
		{514D37FA-EA7E-4010-A5F1-1403C4BB0E51}.Release|Any CPU.Build.0 = Release|Any CPU
	EndGlobalSection
	GlobalSection(SolutionProperties) = preSolution
		HideSolutionNode = FALSE
	EndGlobalSection
	GlobalSection(ExtensibilityGlobals) = postSolution
		SolutionGuid = {9988DAA1-1DC2-49AA-9DF4-863E5F065E30}
	EndGlobalSection
EndGlobal
